Microsoft Visual Studio Solution File, Format Version 7.00
Project("{FAE04EC0-301F-11D3-BF4B-00C04F79EFBC}") = "QuoteArray", "QuoteArray.csproj", "{3AD4EC92-BB82-48AC-92B8-5B632C8A65F5}"
EndProject
Global
	GlobalSection(SolutionConfiguration) = preSolution
		ConfigName.0 = Debug
		ConfigName.1 = Release
	EndGlobalSection
	GlobalSection(ProjectDependencies) = postSolution
	EndGlobalSection
	GlobalSection(ProjectConfiguration) = postSolution
		{3AD4EC92-BB82-48AC-92B8-5B632C8A65F5}.Debug.ActiveCfg = Debug|.NET
		{3AD4EC92-BB82-48AC-92B8-5B632C8A65F5}.Debug.Build.0 = Debug|.NET
		{3AD4EC92-BB82-48AC-92B8-5B632C8A65F5}.Release.ActiveCfg = Release|.NET
		{3AD4EC92-BB82-48AC-92B8-5B632C8A65F5}.Release.Build.0 = Release|.NET
	EndGlobalSection
	GlobalSection(ExtensibilityGlobals) = postSolution
	EndGlobalSection
	GlobalSection(ExtensibilityAddIns) = postSolution
	EndGlobalSection
EndGlobal
