Microsoft Visual Studio Solution File, Format Version 7.00
Project("{FAE04EC0-301F-11D3-BF4B-00C04F79EFBC}") = "ClipboardFormatsAvailable", "ClipboardFormatsAvailable.csproj", "{E4D20B69-932E-4173-A5D9-13DB6104B71B}"
EndProject
Global
	GlobalSection(SolutionConfiguration) = preSolution
		ConfigName.0 = Debug
		ConfigName.1 = Release
	EndGlobalSection
	GlobalSection(ProjectDependencies) = postSolution
	EndGlobalSection
	GlobalSection(ProjectConfiguration) = postSolution
		{E4D20B69-932E-4173-A5D9-13DB6104B71B}.Debug.ActiveCfg = Debug|.NET
		{E4D20B69-932E-4173-A5D9-13DB6104B71B}.Debug.Build.0 = Debug|.NET
		{E4D20B69-932E-4173-A5D9-13DB6104B71B}.Release.ActiveCfg = Release|.NET
		{E4D20B69-932E-4173-A5D9-13DB6104B71B}.Release.Build.0 = Release|.NET
	EndGlobalSection
	GlobalSection(ExtensibilityGlobals) = postSolution
	EndGlobalSection
	GlobalSection(ExtensibilityAddIns) = postSolution
	EndGlobalSection
EndGlobal
