Microsoft Visual Studio Solution File, Format Version 7.00
Project("{FAE04EC0-301F-11D3-BF4B-00C04F79EFBC}") = "Animals", "Animals.csproj", "{4982D658-7DD3-4AEF-ACB8-F68AB92C81BC}"
EndProject
Global
	GlobalSection(SolutionConfiguration) = preSolution
		ConfigName.0 = Debug
		ConfigName.1 = Release
	EndGlobalSection
	GlobalSection(ProjectDependencies) = postSolution
	EndGlobalSection
	GlobalSection(ProjectConfiguration) = postSolution
		{4982D658-7DD3-4AEF-ACB8-F68AB92C81BC}.Debug.ActiveCfg = Debug|.NET
		{4982D658-7DD3-4AEF-ACB8-F68AB92C81BC}.Debug.Build.0 = Debug|.NET
		{4982D658-7DD3-4AEF-ACB8-F68AB92C81BC}.Release.ActiveCfg = Release|.NET
		{4982D658-7DD3-4AEF-ACB8-F68AB92C81BC}.Release.Build.0 = Release|.NET
	EndGlobalSection
	GlobalSection(ExtensibilityGlobals) = postSolution
	EndGlobalSection
	GlobalSection(ExtensibilityAddIns) = postSolution
	EndGlobalSection
EndGlobal
