Microsoft Visual Studio Solution File, Format Version 7.00
Project("{FAE04EC0-301F-11D3-BF4B-00C04F79EFBC}") = "BrickPen", "BrickPen.csproj", "{A225B27F-184A-434D-B8D1-CA63A1286E53}"
EndProject
Global
	GlobalSection(DevPartner Solution Properties) = postSolution
	EndGlobalSection
	GlobalSection(SolutionNotes) = postSolution
	EndGlobalSection
	GlobalSection(SolutionConfiguration) = preSolution
		ConfigName.0 = Debug
		ConfigName.1 = Release
	EndGlobalSection
	GlobalSection(ProjectDependencies) = postSolution
	EndGlobalSection
	GlobalSection(ProjectConfiguration) = postSolution
		{A225B27F-184A-434D-B8D1-CA63A1286E53}.Debug.ActiveCfg = Debug|.NET
		{A225B27F-184A-434D-B8D1-CA63A1286E53}.Debug.Build.0 = Debug|.NET
		{A225B27F-184A-434D-B8D1-CA63A1286E53}.Release.ActiveCfg = Release|.NET
		{A225B27F-184A-434D-B8D1-CA63A1286E53}.Release.Build.0 = Release|.NET
	EndGlobalSection
	GlobalSection(ExtensibilityGlobals) = postSolution
	EndGlobalSection
	GlobalSection(ExtensibilityAddIns) = postSolution
	EndGlobalSection
EndGlobal
