
Microsoft Visual Studio Solution File, Format Version 11.00
# Visual C# Express 2010
Project("{FAE04EC0-301F-11D3-BF4B-00C04F79EFBC}") = "ThreadMonitorUtility", "ThreadMonitorUtility\ThreadMonitorUtility.csproj", "{4D48DEAA-113C-4402-8615-5D4BAA42F7A4}"
EndProject
Project("{FAE04EC0-301F-11D3-BF4B-00C04F79EFBC}") = "ThreadLockTracerSample", "WindowsApplication1\ThreadLockTracerSample.csproj", "{EA277501-CEC6-4516-BFEE-01EB4CF713D2}"
EndProject
Global
	GlobalSection(SolutionConfigurationPlatforms) = preSolution
		Debug|Any CPU = Debug|Any CPU
		Release|Any CPU = Release|Any CPU
	EndGlobalSection
	GlobalSection(ProjectConfigurationPlatforms) = postSolution
		{4D48DEAA-113C-4402-8615-5D4BAA42F7A4}.Debug|Any CPU.ActiveCfg = Debug|Any CPU
		{4D48DEAA-113C-4402-8615-5D4BAA42F7A4}.Debug|Any CPU.Build.0 = Debug|Any CPU
		{4D48DEAA-113C-4402-8615-5D4BAA42F7A4}.Release|Any CPU.ActiveCfg = Release|Any CPU
		{4D48DEAA-113C-4402-8615-5D4BAA42F7A4}.Release|Any CPU.Build.0 = Release|Any CPU
		{EA277501-CEC6-4516-BFEE-01EB4CF713D2}.Debug|Any CPU.ActiveCfg = Debug|Any CPU
		{EA277501-CEC6-4516-BFEE-01EB4CF713D2}.Debug|Any CPU.Build.0 = Debug|Any CPU
		{EA277501-CEC6-4516-BFEE-01EB4CF713D2}.Release|Any CPU.ActiveCfg = Release|Any CPU
		{EA277501-CEC6-4516-BFEE-01EB4CF713D2}.Release|Any CPU.Build.0 = Release|Any CPU
	EndGlobalSection
	GlobalSection(SolutionProperties) = preSolution
		HideSolutionNode = FALSE
	EndGlobalSection
EndGlobal
