Microsoft Visual Studio Solution File, Format Version 7.00
Project("{FAE04EC0-301F-11D3-BF4B-00C04F79EFBC}") = "Comparer", "Comparer.csproj", "{4DE322F2-EA13-4D40-A5E5-59ACAF292369}"
EndProject
Global
	GlobalSection(SolutionConfiguration) = preSolution
		ConfigName.0 = Debug
		ConfigName.1 = Release
	EndGlobalSection
	GlobalSection(ProjectDependencies) = postSolution
	EndGlobalSection
	GlobalSection(ProjectConfiguration) = postSolution
		{4DE322F2-EA13-4D40-A5E5-59ACAF292369}.Debug.ActiveCfg = Debug|.NET
		{4DE322F2-EA13-4D40-A5E5-59ACAF292369}.Debug.Build.0 = Debug|.NET
		{4DE322F2-EA13-4D40-A5E5-59ACAF292369}.Release.ActiveCfg = Release|.NET
		{4DE322F2-EA13-4D40-A5E5-59ACAF292369}.Release.Build.0 = Release|.NET
	EndGlobalSection
	GlobalSection(ExtensibilityGlobals) = postSolution
	EndGlobalSection
	GlobalSection(ExtensibilityAddIns) = postSolution
	EndGlobalSection
EndGlobal
