Microsoft Visual Studio Solution File, Format Version 7.00
Project("{FAE04EC0-301F-11D3-BF4B-00C04F79EFBC}") = "TBBStyle", "TBBStyle.csproj", "{C2FD57B8-7680-4259-90B7-A655084CFEFC}"
EndProject
Global
	GlobalSection(SolutionConfiguration) = preSolution
		ConfigName.0 = Debug
		ConfigName.1 = Release
	EndGlobalSection
	GlobalSection(ProjectDependencies) = postSolution
	EndGlobalSection
	GlobalSection(ProjectConfiguration) = postSolution
		{C2FD57B8-7680-4259-90B7-A655084CFEFC}.Debug.ActiveCfg = Debug|.NET
		{C2FD57B8-7680-4259-90B7-A655084CFEFC}.Debug.Build.0 = Debug|.NET
		{C2FD57B8-7680-4259-90B7-A655084CFEFC}.Release.ActiveCfg = Release|.NET
		{C2FD57B8-7680-4259-90B7-A655084CFEFC}.Release.Build.0 = Release|.NET
	EndGlobalSection
	GlobalSection(ExtensibilityGlobals) = postSolution
	EndGlobalSection
	GlobalSection(ExtensibilityAddIns) = postSolution
	EndGlobalSection
EndGlobal
