Microsoft Visual Studio Solution File, Format Version 7.00
Project("{FAE04EC0-301F-11D3-BF4B-00C04F79EFBC}") = "Bank", "Bank.csproj", "{B7A39169-57F2-47B6-B9E0-2D4583348355}"
EndProject
Global
	GlobalSection(SolutionConfiguration) = preSolution
		ConfigName.0 = Debug
		ConfigName.1 = Release
	EndGlobalSection
	GlobalSection(ProjectDependencies) = postSolution
	EndGlobalSection
	GlobalSection(ProjectConfiguration) = postSolution
		{B7A39169-57F2-47B6-B9E0-2D4583348355}.Debug.ActiveCfg = Debug|.NET
		{B7A39169-57F2-47B6-B9E0-2D4583348355}.Debug.Build.0 = Debug|.NET
		{B7A39169-57F2-47B6-B9E0-2D4583348355}.Release.ActiveCfg = Release|.NET
		{B7A39169-57F2-47B6-B9E0-2D4583348355}.Release.Build.0 = Release|.NET
	EndGlobalSection
	GlobalSection(ExtensibilityGlobals) = postSolution
	EndGlobalSection
	GlobalSection(ExtensibilityAddIns) = postSolution
	EndGlobalSection
EndGlobal
