Microsoft Visual Studio Solution File, Format Version 7.00
Project("{FAE04EC0-301F-11D3-BF4B-00C04F79EFBC}") = "ToolbarStyles", "ToolbarStyles.csproj", "{30208B4D-A2E3-44D9-AF9A-13297A06700E}"
EndProject
Global
	GlobalSection(SolutionConfiguration) = preSolution
		ConfigName.0 = Debug
		ConfigName.1 = Release
	EndGlobalSection
	GlobalSection(ProjectDependencies) = postSolution
	EndGlobalSection
	GlobalSection(ProjectConfiguration) = postSolution
		{30208B4D-A2E3-44D9-AF9A-13297A06700E}.Debug.ActiveCfg = Debug|.NET
		{30208B4D-A2E3-44D9-AF9A-13297A06700E}.Debug.Build.0 = Debug|.NET
		{30208B4D-A2E3-44D9-AF9A-13297A06700E}.Release.ActiveCfg = Release|.NET
		{30208B4D-A2E3-44D9-AF9A-13297A06700E}.Release.Build.0 = Release|.NET
	EndGlobalSection
	GlobalSection(ExtensibilityGlobals) = postSolution
	EndGlobalSection
	GlobalSection(ExtensibilityAddIns) = postSolution
	EndGlobalSection
EndGlobal
