Microsoft Visual Studio Solution File, Format Version 7.00
Project("{FAE04EC0-301F-11D3-BF4B-00C04F79EFBC}") = "MathDelegate", "MathDelegate.csproj", "{3F4FCBA2-2F65-42C8-BBCD-C1195304820B}"
EndProject
Global
	GlobalSection(SolutionConfiguration) = preSolution
		ConfigName.0 = Debug
		ConfigName.1 = Release
	EndGlobalSection
	GlobalSection(ProjectDependencies) = postSolution
	EndGlobalSection
	GlobalSection(ProjectConfiguration) = postSolution
		{3F4FCBA2-2F65-42C8-BBCD-C1195304820B}.Debug.ActiveCfg = Debug|.NET
		{3F4FCBA2-2F65-42C8-BBCD-C1195304820B}.Debug.Build.0 = Debug|.NET
		{3F4FCBA2-2F65-42C8-BBCD-C1195304820B}.Release.ActiveCfg = Release|.NET
		{3F4FCBA2-2F65-42C8-BBCD-C1195304820B}.Release.Build.0 = Release|.NET
	EndGlobalSection
	GlobalSection(ExtensibilityGlobals) = postSolution
	EndGlobalSection
	GlobalSection(ExtensibilityAddIns) = postSolution
	EndGlobalSection
EndGlobal
