Microsoft Visual Studio Solution File, Format Version 7.00
Project("{FAE04EC0-301F-11D3-BF4B-00C04F79EFBC}") = "FontFamilyMsgBox", "FontFamilyMsgBox.csproj", "{226F6D17-72AF-4838-8C9D-3192E610F373}"
EndProject
Global
	GlobalSection(DevPartner Solution Properties) = postSolution
	EndGlobalSection
	GlobalSection(SolutionNotes) = postSolution
	EndGlobalSection
	GlobalSection(SolutionConfiguration) = preSolution
		ConfigName.0 = Debug
		ConfigName.1 = Release
	EndGlobalSection
	GlobalSection(ProjectDependencies) = postSolution
	EndGlobalSection
	GlobalSection(ProjectConfiguration) = postSolution
		{226F6D17-72AF-4838-8C9D-3192E610F373}.Debug.ActiveCfg = Debug|.NET
		{226F6D17-72AF-4838-8C9D-3192E610F373}.Debug.Build.0 = Debug|.NET
		{226F6D17-72AF-4838-8C9D-3192E610F373}.Release.ActiveCfg = Release|.NET
		{226F6D17-72AF-4838-8C9D-3192E610F373}.Release.Build.0 = Release|.NET
	EndGlobalSection
	GlobalSection(ExtensibilityGlobals) = postSolution
	EndGlobalSection
	GlobalSection(ExtensibilityAddIns) = postSolution
	EndGlobalSection
EndGlobal
