Microsoft Visual Studio Solution File, Format Version 7.00
Project("{FAE04EC0-301F-11D3-BF4B-00C04F79EFBC}") = "SingleInstance", "SingleInstance.csproj", "{DC03B5D5-2D99-4428-A0A7-EC70A20E3C52}"
EndProject
Global
	GlobalSection(SolutionConfiguration) = preSolution
		ConfigName.0 = Debug
		ConfigName.1 = Release
	EndGlobalSection
	GlobalSection(ProjectDependencies) = postSolution
	EndGlobalSection
	GlobalSection(ProjectConfiguration) = postSolution
		{DC03B5D5-2D99-4428-A0A7-EC70A20E3C52}.Debug.ActiveCfg = Debug|.NET
		{DC03B5D5-2D99-4428-A0A7-EC70A20E3C52}.Debug.Build.0 = Debug|.NET
		{DC03B5D5-2D99-4428-A0A7-EC70A20E3C52}.Release.ActiveCfg = Release|.NET
		{DC03B5D5-2D99-4428-A0A7-EC70A20E3C52}.Release.Build.0 = Release|.NET
	EndGlobalSection
	GlobalSection(ExtensibilityGlobals) = postSolution
	EndGlobalSection
	GlobalSection(ExtensibilityAddIns) = postSolution
	EndGlobalSection
EndGlobal
