Microsoft Visual Studio Solution File, Format Version 7.00
Project("{FAE04EC0-301F-11D3-BF4B-00C04F79EFBC}") = "Threads", "Threads.csproj", "{790AC972-80D3-4884-9BCC-FEEE90D68194}"
EndProject
Global
	GlobalSection(SolutionConfiguration) = preSolution
		ConfigName.0 = Debug
		ConfigName.1 = Release
	EndGlobalSection
	GlobalSection(ProjectDependencies) = postSolution
	EndGlobalSection
	GlobalSection(ProjectConfiguration) = postSolution
		{790AC972-80D3-4884-9BCC-FEEE90D68194}.Debug.ActiveCfg = Debug|.NET
		{790AC972-80D3-4884-9BCC-FEEE90D68194}.Debug.Build.0 = Debug|.NET
		{790AC972-80D3-4884-9BCC-FEEE90D68194}.Release.ActiveCfg = Release|.NET
		{790AC972-80D3-4884-9BCC-FEEE90D68194}.Release.Build.0 = Release|.NET
	EndGlobalSection
	GlobalSection(ExtensibilityGlobals) = postSolution
	EndGlobalSection
	GlobalSection(ExtensibilityAddIns) = postSolution
	EndGlobalSection
EndGlobal
