Microsoft Visual Studio Solution File, Format Version 7.00
Project("{FAE04EC0-301F-11D3-BF4B-00C04F79EFBC}") = "ClickRects", "ClickRects.csproj", "{AD7DEB71-C6BF-4103-AC12-923D5E771BF7}"
EndProject
Global
	GlobalSection(DevPartner Solution Properties) = postSolution
	EndGlobalSection
	GlobalSection(SolutionNotes) = postSolution
	EndGlobalSection
	GlobalSection(SolutionConfiguration) = preSolution
		ConfigName.0 = Debug
		ConfigName.1 = Release
	EndGlobalSection
	GlobalSection(ProjectDependencies) = postSolution
	EndGlobalSection
	GlobalSection(ProjectConfiguration) = postSolution
		{AD7DEB71-C6BF-4103-AC12-923D5E771BF7}.Debug.ActiveCfg = Debug|.NET
		{AD7DEB71-C6BF-4103-AC12-923D5E771BF7}.Debug.Build.0 = Debug|.NET
		{AD7DEB71-C6BF-4103-AC12-923D5E771BF7}.Release.ActiveCfg = Release|.NET
		{AD7DEB71-C6BF-4103-AC12-923D5E771BF7}.Release.Build.0 = Release|.NET
	EndGlobalSection
	GlobalSection(ExtensibilityGlobals) = postSolution
	EndGlobalSection
	GlobalSection(ExtensibilityAddIns) = postSolution
	EndGlobalSection
EndGlobal
