Microsoft Visual Studio Solution File, Format Version 7.00
Project("{FAE04EC0-301F-11D3-BF4B-00C04F79EFBC}") = "SimpleClipboard", "SimpleClipboard.csproj", "{C0481315-EA26-4D10-A0F1-987D32BEF63F}"
EndProject
Global
	GlobalSection(SolutionConfiguration) = preSolution
		ConfigName.0 = Debug
		ConfigName.1 = Release
	EndGlobalSection
	GlobalSection(ProjectDependencies) = postSolution
	EndGlobalSection
	GlobalSection(ProjectConfiguration) = postSolution
		{C0481315-EA26-4D10-A0F1-987D32BEF63F}.Debug.ActiveCfg = Debug|.NET
		{C0481315-EA26-4D10-A0F1-987D32BEF63F}.Debug.Build.0 = Debug|.NET
		{C0481315-EA26-4D10-A0F1-987D32BEF63F}.Release.ActiveCfg = Release|.NET
		{C0481315-EA26-4D10-A0F1-987D32BEF63F}.Release.Build.0 = Release|.NET
	EndGlobalSection
	GlobalSection(ExtensibilityGlobals) = postSolution
	EndGlobalSection
	GlobalSection(ExtensibilityAddIns) = postSolution
	EndGlobalSection
EndGlobal
