Microsoft Visual Studio Solution File, Format Version 7.00
Project("{FAE04EC0-301F-11D3-BF4B-00C04F79EFBC}") = "DesignedToolbar", "DesignedToolbar.csproj", "{27B03983-1742-4F34-8992-C1C85B629FC1}"
EndProject
Global
	GlobalSection(SolutionConfiguration) = preSolution
		ConfigName.0 = Debug
		ConfigName.1 = Release
	EndGlobalSection
	GlobalSection(ProjectDependencies) = postSolution
	EndGlobalSection
	GlobalSection(ProjectConfiguration) = postSolution
		{27B03983-1742-4F34-8992-C1C85B629FC1}.Debug.ActiveCfg = Debug|.NET
		{27B03983-1742-4F34-8992-C1C85B629FC1}.Debug.Build.0 = Debug|.NET
		{27B03983-1742-4F34-8992-C1C85B629FC1}.Release.ActiveCfg = Release|.NET
		{27B03983-1742-4F34-8992-C1C85B629FC1}.Release.Build.0 = Release|.NET
	EndGlobalSection
	GlobalSection(ExtensibilityGlobals) = postSolution
	EndGlobalSection
	GlobalSection(ExtensibilityAddIns) = postSolution
	EndGlobalSection
EndGlobal
