Microsoft Visual Studio Solution File, Format Version 7.00
Project("{FAE04EC0-301F-11D3-BF4B-00C04F79EFBC}") = "DatagridHierarchical", "DatagridHierarchical.csproj", "{ACB203AD-869F-4E70-AE32-C507E48D7DA5}"
EndProject
Global
	GlobalSection(SolutionConfiguration) = preSolution
		ConfigName.0 = Debug
		ConfigName.1 = Release
	EndGlobalSection
	GlobalSection(ProjectDependencies) = postSolution
	EndGlobalSection
	GlobalSection(ProjectConfiguration) = postSolution
		{ACB203AD-869F-4E70-AE32-C507E48D7DA5}.Debug.ActiveCfg = Debug|.NET
		{ACB203AD-869F-4E70-AE32-C507E48D7DA5}.Debug.Build.0 = Debug|.NET
		{ACB203AD-869F-4E70-AE32-C507E48D7DA5}.Release.ActiveCfg = Release|.NET
		{ACB203AD-869F-4E70-AE32-C507E48D7DA5}.Release.Build.0 = Release|.NET
	EndGlobalSection
	GlobalSection(ExtensibilityGlobals) = postSolution
	EndGlobalSection
	GlobalSection(ExtensibilityAddIns) = postSolution
	EndGlobalSection
EndGlobal
