Microsoft Visual Studio Solution File, Format Version 7.00
Project("{FAE04EC0-301F-11D3-BF4B-00C04F79EFBC}") = "RegistryTreeWithClass", "RegistryTreeWithClass.csproj", "{9EE4B28F-4333-4AF4-B978-491AA6C71066}"
EndProject
Global
	GlobalSection(SolutionConfiguration) = preSolution
		ConfigName.0 = Debug
		ConfigName.1 = Release
	EndGlobalSection
	GlobalSection(ProjectDependencies) = postSolution
	EndGlobalSection
	GlobalSection(ProjectConfiguration) = postSolution
		{9EE4B28F-4333-4AF4-B978-491AA6C71066}.Debug.ActiveCfg = Debug|.NET
		{9EE4B28F-4333-4AF4-B978-491AA6C71066}.Debug.Build.0 = Debug|.NET
		{9EE4B28F-4333-4AF4-B978-491AA6C71066}.Release.ActiveCfg = Release|.NET
		{9EE4B28F-4333-4AF4-B978-491AA6C71066}.Release.Build.0 = Release|.NET
	EndGlobalSection
	GlobalSection(ExtensibilityGlobals) = postSolution
	EndGlobalSection
	GlobalSection(ExtensibilityAddIns) = postSolution
	EndGlobalSection
EndGlobal
