
Microsoft Visual Studio Solution File, Format Version 11.00
# Visual Studio 2010
Project("{54435603-DBB4-11D2-8724-00A0C9A8B90C}") = "Setup1", "Setup1\Setup1.vdproj", "{CBE05706-960B-4625-AAD5-52F004CDCC12}"
EndProject
Global
	GlobalSection(SolutionConfigurationPlatforms) = preSolution
		Debug|Default = Debug|Default
		Release|Default = Release|Default
	EndGlobalSection
	GlobalSection(ProjectConfigurationPlatforms) = postSolution
		{CBE05706-960B-4625-AAD5-52F004CDCC12}.Debug|Default.ActiveCfg = Debug
		{CBE05706-960B-4625-AAD5-52F004CDCC12}.Debug|Default.Build.0 = Debug
		{CBE05706-960B-4625-AAD5-52F004CDCC12}.Release|Default.ActiveCfg = Release
		{CBE05706-960B-4625-AAD5-52F004CDCC12}.Release|Default.Build.0 = Release
	EndGlobalSection
	GlobalSection(SolutionProperties) = preSolution
		HideSolutionNode = FALSE
	EndGlobalSection
EndGlobal
