Microsoft Visual Studio Solution File, Format Version 7.00
Project("{FAE04EC0-301F-11D3-BF4B-00C04F79EFBC}") = "BattingAverageApp", "BattingAverageApp.csproj", "{65C1DE3B-FD22-4770-B988-97884E126D6F}"
EndProject
Global
	GlobalSection(SolutionConfiguration) = preSolution
		ConfigName.0 = Debug
		ConfigName.1 = Release
	EndGlobalSection
	GlobalSection(ProjectDependencies) = postSolution
	EndGlobalSection
	GlobalSection(ProjectConfiguration) = postSolution
		{65C1DE3B-FD22-4770-B988-97884E126D6F}.Debug.ActiveCfg = Debug|.NET
		{65C1DE3B-FD22-4770-B988-97884E126D6F}.Debug.Build.0 = Debug|.NET
		{65C1DE3B-FD22-4770-B988-97884E126D6F}.Release.ActiveCfg = Release|.NET
		{65C1DE3B-FD22-4770-B988-97884E126D6F}.Release.Build.0 = Release|.NET
	EndGlobalSection
	GlobalSection(ExtensibilityGlobals) = postSolution
	EndGlobalSection
	GlobalSection(ExtensibilityAddIns) = postSolution
	EndGlobalSection
EndGlobal
