
Microsoft Visual Studio Solution File, Format Version 11.00
# Visual Studio 2010
# SharpDevelop 4.3
Project("{FAE04EC0-301F-11D3-BF4B-00C04F79EFBC}") = "RedirectOutput", "RedirectOutput\RedirectOutput.csproj", "{89FAAA82-5CEF-4826-A48A-AB88F6DC30A9}"
EndProject
Global
	GlobalSection(SolutionConfigurationPlatforms) = preSolution
		Debug|Any CPU = Debug|Any CPU
		Release|Any CPU = Release|Any CPU
	EndGlobalSection
	GlobalSection(ProjectConfigurationPlatforms) = postSolution
		{89FAAA82-5CEF-4826-A48A-AB88F6DC30A9}.Debug|Any CPU.Build.0 = Debug|Any CPU
		{89FAAA82-5CEF-4826-A48A-AB88F6DC30A9}.Debug|Any CPU.ActiveCfg = Debug|Any CPU
		{89FAAA82-5CEF-4826-A48A-AB88F6DC30A9}.Release|Any CPU.Build.0 = Release|Any CPU
		{89FAAA82-5CEF-4826-A48A-AB88F6DC30A9}.Release|Any CPU.ActiveCfg = Release|Any CPU
	EndGlobalSection
EndGlobal
