Microsoft Visual Studio Solution File, Format Version 7.00
Project("{FAE04EC0-301F-11D3-BF4B-00C04F79EFBC}") = "UnsafeSort", "UnsafeSort.csproj", "{678D1314-5827-4420-813D-4C0D2DAEB481}"
EndProject
Global
	GlobalSection(SolutionConfiguration) = preSolution
		ConfigName.0 = Debug
		ConfigName.1 = Release
	EndGlobalSection
	GlobalSection(ProjectDependencies) = postSolution
	EndGlobalSection
	GlobalSection(ProjectConfiguration) = postSolution
		{678D1314-5827-4420-813D-4C0D2DAEB481}.Debug.ActiveCfg = Debug|.NET
		{678D1314-5827-4420-813D-4C0D2DAEB481}.Debug.Build.0 = Debug|.NET
		{678D1314-5827-4420-813D-4C0D2DAEB481}.Release.ActiveCfg = Release|.NET
		{678D1314-5827-4420-813D-4C0D2DAEB481}.Release.Build.0 = Release|.NET
	EndGlobalSection
	GlobalSection(ExtensibilityGlobals) = postSolution
	EndGlobalSection
	GlobalSection(ExtensibilityAddIns) = postSolution
	EndGlobalSection
EndGlobal
