Microsoft Visual Studio Solution File, Format Version 7.00
Project("{FAE04EC0-301F-11D3-BF4B-00C04F79EFBC}") = "RegistryTree", "RegistryTree.csproj", "{426350C4-F68B-44E3-BC16-A72549B6339F}"
EndProject
Global
	GlobalSection(SolutionConfiguration) = preSolution
		ConfigName.0 = Debug
		ConfigName.1 = Release
	EndGlobalSection
	GlobalSection(ProjectDependencies) = postSolution
	EndGlobalSection
	GlobalSection(ProjectConfiguration) = postSolution
		{426350C4-F68B-44E3-BC16-A72549B6339F}.Debug.ActiveCfg = Debug|.NET
		{426350C4-F68B-44E3-BC16-A72549B6339F}.Debug.Build.0 = Debug|.NET
		{426350C4-F68B-44E3-BC16-A72549B6339F}.Release.ActiveCfg = Release|.NET
		{426350C4-F68B-44E3-BC16-A72549B6339F}.Release.Build.0 = Release|.NET
	EndGlobalSection
	GlobalSection(ExtensibilityGlobals) = postSolution
	EndGlobalSection
	GlobalSection(ExtensibilityAddIns) = postSolution
	EndGlobalSection
EndGlobal
