
Microsoft Visual Studio Solution File, Format Version 11.00
# Visual Studio 2010
# SharpDevelop 4.3
Project("{F2A71F9B-5D33-465A-A702-920D77279786}") = "F#Expert", "F#Expert\F#Expert.fsproj", "{05D89E59-D0F6-4969-A383-137C9039E243}"
EndProject
Global
	GlobalSection(SolutionConfigurationPlatforms) = preSolution
		Debug|Any CPU = Debug|Any CPU
		Release|Any CPU = Release|Any CPU
	EndGlobalSection
	GlobalSection(ProjectConfigurationPlatforms) = postSolution
		{05D89E59-D0F6-4969-A383-137C9039E243}.Debug|Any CPU.Build.0 = Debug|Any CPU
		{05D89E59-D0F6-4969-A383-137C9039E243}.Debug|Any CPU.ActiveCfg = Debug|Any CPU
		{05D89E59-D0F6-4969-A383-137C9039E243}.Release|Any CPU.Build.0 = Release|Any CPU
		{05D89E59-D0F6-4969-A383-137C9039E243}.Release|Any CPU.ActiveCfg = Release|Any CPU
	EndGlobalSection
EndGlobal
