
Microsoft Visual Studio Solution File, Format Version 11.00
# Visual Studio 2010
# SharpDevelop 4.3
Project("{FAE04EC0-301F-11D3-BF4B-00C04F79EFBC}") = "Variance", "Variance\Variance.csproj", "{C462F2B0-3356-4E3E-86DB-5948E9F256EA}"
EndProject
Global
	GlobalSection(SolutionConfigurationPlatforms) = preSolution
		Debug|Any CPU = Debug|Any CPU
		Release|Any CPU = Release|Any CPU
	EndGlobalSection
	GlobalSection(ProjectConfigurationPlatforms) = postSolution
		{C462F2B0-3356-4E3E-86DB-5948E9F256EA}.Debug|Any CPU.Build.0 = Debug|Any CPU
		{C462F2B0-3356-4E3E-86DB-5948E9F256EA}.Debug|Any CPU.ActiveCfg = Debug|Any CPU
		{C462F2B0-3356-4E3E-86DB-5948E9F256EA}.Release|Any CPU.Build.0 = Release|Any CPU
		{C462F2B0-3356-4E3E-86DB-5948E9F256EA}.Release|Any CPU.ActiveCfg = Release|Any CPU
	EndGlobalSection
EndGlobal
