Microsoft Visual Studio Solution File, Format Version 7.00
Project("{FAE04EC0-301F-11D3-BF4B-00C04F79EFBC}") = "XMLDoc", "XMLDoc.csproj", "{458D1A3C-6BBE-40EF-B5C8-4ECCD9F4BAA0}"
EndProject
Global
	GlobalSection(SolutionConfiguration) = preSolution
		ConfigName.0 = Debug
		ConfigName.1 = Release
	EndGlobalSection
	GlobalSection(ProjectDependencies) = postSolution
	EndGlobalSection
	GlobalSection(ProjectConfiguration) = postSolution
		{458D1A3C-6BBE-40EF-B5C8-4ECCD9F4BAA0}.Debug.ActiveCfg = Debug|.NET
		{458D1A3C-6BBE-40EF-B5C8-4ECCD9F4BAA0}.Debug.Build.0 = Debug|.NET
		{458D1A3C-6BBE-40EF-B5C8-4ECCD9F4BAA0}.Release.ActiveCfg = Release|.NET
		{458D1A3C-6BBE-40EF-B5C8-4ECCD9F4BAA0}.Release.Build.0 = Release|.NET
	EndGlobalSection
	GlobalSection(ExtensibilityGlobals) = postSolution
	EndGlobalSection
	GlobalSection(ExtensibilityAddIns) = postSolution
	EndGlobalSection
EndGlobal
