Microsoft Visual Studio Solution File, Format Version 7.00
Project("{FAE04EC0-301F-11D3-BF4B-00C04F79EFBC}") = "GcDemo", "GcDemo.csproj", "{A77CACF4-45D6-434D-B7C6-D2F1559EE344}"
EndProject
Global
	GlobalSection(SolutionConfiguration) = preSolution
		ConfigName.0 = Debug
		ConfigName.1 = Release
	EndGlobalSection
	GlobalSection(ProjectDependencies) = postSolution
	EndGlobalSection
	GlobalSection(ProjectConfiguration) = postSolution
		{A77CACF4-45D6-434D-B7C6-D2F1559EE344}.Debug.ActiveCfg = Debug|.NET
		{A77CACF4-45D6-434D-B7C6-D2F1559EE344}.Debug.Build.0 = Debug|.NET
		{A77CACF4-45D6-434D-B7C6-D2F1559EE344}.Release.ActiveCfg = Release|.NET
		{A77CACF4-45D6-434D-B7C6-D2F1559EE344}.Release.Build.0 = Release|.NET
	EndGlobalSection
	GlobalSection(ExtensibilityGlobals) = postSolution
	EndGlobalSection
	GlobalSection(ExtensibilityAddIns) = postSolution
	EndGlobalSection
EndGlobal
