Microsoft Visual Studio Solution File, Format Version 7.00
Project("{FAE04EC0-301F-11D3-BF4B-00C04F79EFBC}") = "DatagridDbconnSimple", "DatagridDbconnSimple.csproj", "{E5649E9E-E851-4187-95EF-0CD3237BBEF9}"
EndProject
Global
	GlobalSection(SolutionConfiguration) = preSolution
		ConfigName.0 = Debug
		ConfigName.1 = Release
	EndGlobalSection
	GlobalSection(ProjectDependencies) = postSolution
	EndGlobalSection
	GlobalSection(ProjectConfiguration) = postSolution
		{E5649E9E-E851-4187-95EF-0CD3237BBEF9}.Debug.ActiveCfg = Debug|.NET
		{E5649E9E-E851-4187-95EF-0CD3237BBEF9}.Debug.Build.0 = Debug|.NET
		{E5649E9E-E851-4187-95EF-0CD3237BBEF9}.Release.ActiveCfg = Release|.NET
		{E5649E9E-E851-4187-95EF-0CD3237BBEF9}.Release.Build.0 = Release|.NET
	EndGlobalSection
	GlobalSection(ExtensibilityGlobals) = postSolution
	EndGlobalSection
	GlobalSection(ExtensibilityAddIns) = postSolution
	EndGlobalSection
EndGlobal
