Microsoft Visual Studio Solution File, Format Version 7.00
Project("{FAE04EC0-301F-11D3-BF4B-00C04F79EFBC}") = "Enumerator", "Enumerator.csproj", "{F8F6A3A0-C940-45E7-A61F-DDFD81BA6BA6}"
EndProject
Global
	GlobalSection(SolutionConfiguration) = preSolution
		ConfigName.0 = Debug
		ConfigName.1 = Release
	EndGlobalSection
	GlobalSection(ProjectDependencies) = postSolution
	EndGlobalSection
	GlobalSection(ProjectConfiguration) = postSolution
		{F8F6A3A0-C940-45E7-A61F-DDFD81BA6BA6}.Debug.ActiveCfg = Debug|.NET
		{F8F6A3A0-C940-45E7-A61F-DDFD81BA6BA6}.Debug.Build.0 = Debug|.NET
		{F8F6A3A0-C940-45E7-A61F-DDFD81BA6BA6}.Release.ActiveCfg = Release|.NET
		{F8F6A3A0-C940-45E7-A61F-DDFD81BA6BA6}.Release.Build.0 = Release|.NET
	EndGlobalSection
	GlobalSection(ExtensibilityGlobals) = postSolution
	EndGlobalSection
	GlobalSection(ExtensibilityAddIns) = postSolution
	EndGlobalSection
EndGlobal
