Microsoft Visual Studio Solution File, Format Version 7.00
Project("{FAE04EC0-301F-11D3-BF4B-00C04F79EFBC}") = "SimpleEdit", "SimpleEdit.csproj", "{E940E5B6-D0DD-421B-9B83-EBC4F143AA5F}"
EndProject
Global
	GlobalSection(SolutionConfiguration) = preSolution
		ConfigName.0 = Debug
		ConfigName.1 = Release
	EndGlobalSection
	GlobalSection(ProjectDependencies) = postSolution
	EndGlobalSection
	GlobalSection(ProjectConfiguration) = postSolution
		{E940E5B6-D0DD-421B-9B83-EBC4F143AA5F}.Debug.ActiveCfg = Debug|.NET
		{E940E5B6-D0DD-421B-9B83-EBC4F143AA5F}.Debug.Build.0 = Debug|.NET
		{E940E5B6-D0DD-421B-9B83-EBC4F143AA5F}.Release.ActiveCfg = Release|.NET
		{E940E5B6-D0DD-421B-9B83-EBC4F143AA5F}.Release.Build.0 = Release|.NET
	EndGlobalSection
	GlobalSection(ExtensibilityGlobals) = postSolution
	EndGlobalSection
	GlobalSection(ExtensibilityAddIns) = postSolution
	EndGlobalSection
EndGlobal
