Microsoft Visual Studio Solution File, Format Version 7.00
Project("{FAE04EC0-301F-11D3-BF4B-00C04F79EFBC}") = "DirList", "DirList.csproj", "{A71431F8-DD1C-449C-B21A-75C778D45996}"
EndProject
Global
	GlobalSection(SolutionConfiguration) = preSolution
		ConfigName.0 = Debug
		ConfigName.1 = Release
	EndGlobalSection
	GlobalSection(ProjectDependencies) = postSolution
	EndGlobalSection
	GlobalSection(ProjectConfiguration) = postSolution
		{A71431F8-DD1C-449C-B21A-75C778D45996}.Debug.ActiveCfg = Debug|.NET
		{A71431F8-DD1C-449C-B21A-75C778D45996}.Debug.Build.0 = Debug|.NET
		{A71431F8-DD1C-449C-B21A-75C778D45996}.Release.ActiveCfg = Release|.NET
		{A71431F8-DD1C-449C-B21A-75C778D45996}.Release.Build.0 = Release|.NET
	EndGlobalSection
	GlobalSection(ExtensibilityGlobals) = postSolution
	EndGlobalSection
	GlobalSection(ExtensibilityAddIns) = postSolution
	EndGlobalSection
EndGlobal
