Microsoft Visual Studio Solution File, Format Version 7.00
Project("{FAE04EC0-301F-11D3-BF4B-00C04F79EFBC}") = "FormProperties", "FormProperties.csproj", "{22C0014C-96E4-4606-A980-31F8EB515E00}"
EndProject
Global
	GlobalSection(SolutionConfiguration) = preSolution
		ConfigName.0 = Debug
		ConfigName.1 = Release
	EndGlobalSection
	GlobalSection(ProjectDependencies) = postSolution
	EndGlobalSection
	GlobalSection(ProjectConfiguration) = postSolution
		{22C0014C-96E4-4606-A980-31F8EB515E00}.Debug.ActiveCfg = Debug|.NET
		{22C0014C-96E4-4606-A980-31F8EB515E00}.Debug.Build.0 = Debug|.NET
		{22C0014C-96E4-4606-A980-31F8EB515E00}.Release.ActiveCfg = Release|.NET
		{22C0014C-96E4-4606-A980-31F8EB515E00}.Release.Build.0 = Release|.NET
	EndGlobalSection
	GlobalSection(ExtensibilityGlobals) = postSolution
	EndGlobalSection
	GlobalSection(ExtensibilityAddIns) = postSolution
	EndGlobalSection
EndGlobal
