Microsoft Visual Studio Solution File, Format Version 7.00
Project("{FAE04EC0-301F-11D3-BF4B-00C04F79EFBC}") = "ElementHashtable", "ElementHashtable.csproj", "{CD4F7247-17DF-41E4-996F-EFC6D78BB11B}"
EndProject
Global
	GlobalSection(SolutionConfiguration) = preSolution
		ConfigName.0 = Debug
		ConfigName.1 = Release
	EndGlobalSection
	GlobalSection(ProjectDependencies) = postSolution
	EndGlobalSection
	GlobalSection(ProjectConfiguration) = postSolution
		{CD4F7247-17DF-41E4-996F-EFC6D78BB11B}.Debug.ActiveCfg = Debug|.NET
		{CD4F7247-17DF-41E4-996F-EFC6D78BB11B}.Debug.Build.0 = Debug|.NET
		{CD4F7247-17DF-41E4-996F-EFC6D78BB11B}.Release.ActiveCfg = Release|.NET
		{CD4F7247-17DF-41E4-996F-EFC6D78BB11B}.Release.Build.0 = Release|.NET
	EndGlobalSection
	GlobalSection(ExtensibilityGlobals) = postSolution
	EndGlobalSection
	GlobalSection(ExtensibilityAddIns) = postSolution
	EndGlobalSection
EndGlobal
